{
  "name": "tau-prolog",
  "version": "0.3.0",
  "lockfileVersion": 1,
  "requires": true,
  "dependencies": {
    "commander": {
      "version": "6.0.0",
      "resolved": "https://registry.npmjs.org/commander/-/commander-6.0.0.tgz",
      "integrity": "sha512-s7EA+hDtTYNhuXkTlhqew4txMZVdszBmKWSPEMxGr8ru8JXR7bLUFIAtPhcSuFdJQ0ILMxnJi8GkQL0yvDy/YA=="
    },
    "globalyzer": {
      "version": "0.1.4",
      "resolved": "https://registry.npmjs.org/globalyzer/-/globalyzer-0.1.4.tgz",
      "integrity": "sha512-LeguVWaxgHN0MNbWC6YljNMzHkrCny9fzjmEUdnF1kQ7wATFD1RHFRqA1qxaX2tgxGENlcxjOflopBwj3YZiXA=="
    },
    "globrex": {
      "version": "0.1.2",
      "resolved": "https://registry.npmjs.org/globrex/-/globrex-0.1.2.tgz",
      "integrity": "sha512-uHJgbwAMwNFf5mLst7IWLNg14x1CkeqglJb/K3doi4dw6q2IvAAmM/Y81kevy83wP+Sst+nutFTYOGg3d1lsxg=="
    },
    "js-reporters": {
      "version": "1.2.1",
      "resolved": "https://registry.npmjs.org/js-reporters/-/js-reporters-1.2.1.tgz",
      "integrity": "sha1-+IxgjjJKM3OpW8xFrTBeXJecRZs="
    },
    "node-watch": {
      "version": "0.6.4",
      "resolved": "https://registry.npmjs.org/node-watch/-/node-watch-0.6.4.tgz",
      "integrity": "sha512-cI6CHzivIFESe8djiK3Wh90CtWQBxLwMem8x8S+2GSvCvFgoMuOKVlfJtQ/2v3Afg3wOnHl/+tXotEs8z5vOrg=="
    },
    "qunit": {
      "version": "2.11.1",
      "resolved": "https://registry.npmjs.org/qunit/-/qunit-2.11.1.tgz",
      "integrity": "sha512-EDJZLHxSVXuCyydUA/0bKVCQaFjVxa8YrydQjd+O8nprr00A/A/6zyzSQCtU9900XS8P4XAdH4aLfqv7b89yUw==",
      "requires": {
        "commander": "6.0.0",
        "js-reporters": "1.2.1",
        "node-watch": "0.6.4",
        "tiny-glob": "0.2.6"
      }
    },
    "readline-sync": {
      "version": "1.4.9",
      "resolved": "https://registry.npmjs.org/readline-sync/-/readline-sync-1.4.9.tgz",
      "integrity": "sha1-PtqOZfI80qF+YTAbHwADOWr17No="
    },
    "tiny-glob": {
      "version": "0.2.6",
      "resolved": "https://registry.npmjs.org/tiny-glob/-/tiny-glob-0.2.6.tgz",
      "integrity": "sha512-A7ewMqPu1B5PWwC3m7KVgAu96Ch5LA0w4SnEN/LbDREj/gAD0nPWboRbn8YoP9ISZXqeNAlMvKSKoEuhcfK3Pw==",
      "requires": {
        "globalyzer": "^0.1.0",
        "globrex": "^0.1.1"
      }
    }
  }
}
