{
	"name": "tau-prolog",
	"version": "0.3.2",
	"lockfileVersion": 2,
	"requires": true,
	"packages": {
		"": {
			"name": "tau-prolog",
			"version": "0.3.2",
			"license": "BSD-3-Clause",
			"dependencies": {
				"readline-sync": "1.4.9"
			}
		},
		"node_modules/readline-sync": {
			"version": "1.4.9",
			"resolved": "https://registry.npmjs.org/readline-sync/-/readline-sync-1.4.9.tgz",
			"integrity": "sha1-PtqOZfI80qF+YTAbHwADOWr17No=",
			"engines": {
				"node": ">= 0.8.0"
			}
		}
	},
	"dependencies": {
		"readline-sync": {
			"version": "1.4.9",
			"resolved": "https://registry.npmjs.org/readline-sync/-/readline-sync-1.4.9.tgz",
			"integrity": "sha1-PtqOZfI80qF+YTAbHwADOWr17No="
		}
	}
}
